// !$*UTF8*$!
{
	archiveVersion = 1;
	classes = {
	};
	objectVersion = 50;
	objects = {

/* Begin PBXBuildFile section */
		497B0DD623274D76008BD44B /* AddAMealDelegate.swift in Sources */ = {isa = PBXBuildFile; fileRef = 497B0DD523274D76008BD44B /* AddAMealDelegate.swift */; };
		497E80682318787D009DBAC5 /* Meal.swift in Sources */ = {isa = PBXBuildFile; fileRef = 497E80672318787D009DBAC5 /* Meal.swift */; };
		497E806A23187CD0009DBAC5 /* Item.swift in Sources */ = {isa = PBXBuildFile; fileRef = 497E806923187CD0009DBAC5 /* Item.swift */; };
		498D40FE233FD1A3004DE9D2 /* Alert.swift in Sources */ = {isa = PBXBuildFile; fileRef = 498D40FD233FD1A3004DE9D2 /* Alert.swift */; };
		49CE04A62334FEA800B8E3F8 /* NewItemViewController.swift in Sources */ = {isa = PBXBuildFile; fileRef = 49CE04A42334FEA800B8E3F8 /* NewItemViewController.swift */; };
		49CE04A72334FEA800B8E3F8 /* NewItemViewController.xib in Resources */ = {isa = PBXBuildFile; fileRef = 49CE04A52334FEA800B8E3F8 /* NewItemViewController.xib */; };
		49CE04A92335288E00B8E3F8 /* AddAnItemDelegate.swift in Sources */ = {isa = PBXBuildFile; fileRef = 49CE04A82335288E00B8E3F8 /* AddAnItemDelegate.swift */; };
		49E4185123215D4F00F1562F /* MealsTableViewController.swift in Sources */ = {isa = PBXBuildFile; fileRef = 49E4185023215D4F00F1562F /* MealsTableViewController.swift */; };
		49E42FF422C3EE3D006A555F /* AppDelegate.swift in Sources */ = {isa = PBXBuildFile; fileRef = 49E42FF322C3EE3D006A555F /* AppDelegate.swift */; };
		49E42FF622C3EE3D006A555F /* ViewController.swift in Sources */ = {isa = PBXBuildFile; fileRef = 49E42FF522C3EE3D006A555F /* ViewController.swift */; };
		49E42FF922C3EE3D006A555F /* Main.storyboard in Resources */ = {isa = PBXBuildFile; fileRef = 49E42FF722C3EE3D006A555F /* Main.storyboard */; };
		49E42FFB22C3EE3E006A555F /* Assets.xcassets in Resources */ = {isa = PBXBuildFile; fileRef = 49E42FFA22C3EE3E006A555F /* Assets.xcassets */; };
		49E42FFE22C3EE3E006A555F /* LaunchScreen.storyboard in Resources */ = {isa = PBXBuildFile; fileRef = 49E42FFC22C3EE3E006A555F /* LaunchScreen.storyboard */; };
		49E4300922C3EE3E006A555F /* eggplant_brownieTests.swift in Sources */ = {isa = PBXBuildFile; fileRef = 49E4300822C3EE3E006A555F /* eggplant_brownieTests.swift */; };
		49E4301422C3EE3E006A555F /* eggplant_brownieUITests.swift in Sources */ = {isa = PBXBuildFile; fileRef = 49E4301322C3EE3E006A555F /* eggplant_brownieUITests.swift */; };
/* End PBXBuildFile section */

/* Begin PBXContainerItemProxy section */
		49E4300522C3EE3E006A555F /* PBXContainerItemProxy */ = {
			isa = PBXContainerItemProxy;
			containerPortal = 49E42FE822C3EE3C006A555F /* Project object */;
			proxyType = 1;
			remoteGlobalIDString = 49E42FEF22C3EE3C006A555F;
			remoteInfo = "eggplant-brownie";
		};
		49E4301022C3EE3E006A555F /* PBXContainerItemProxy */ = {
			isa = PBXContainerItemProxy;
			containerPortal = 49E42FE822C3EE3C006A555F /* Project object */;
			proxyType = 1;
			remoteGlobalIDString = 49E42FEF22C3EE3C006A555F;
			remoteInfo = "eggplant-brownie";
		};
/* End PBXContainerItemProxy section */

/* Begin PBXFileReference section */
		497B0DD523274D76008BD44B /* AddAMealDelegate.swift */ = {isa = PBXFileReference; lastKnownFileType = sourcecode.swift; path = AddAMealDelegate.swift; sourceTree = "<group>"; };
		497E80672318787D009DBAC5 /* Meal.swift */ = {isa = PBXFileReference; lastKnownFileType = sourcecode.swift; path = Meal.swift; sourceTree = "<group>"; };
		497E806923187CD0009DBAC5 /* Item.swift */ = {isa = PBXFileReference; lastKnownFileType = sourcecode.swift; path = Item.swift; sourceTree = "<group>"; };
		498D40FD233FD1A3004DE9D2 /* Alert.swift */ = {isa = PBXFileReference; lastKnownFileType = sourcecode.swift; path = Alert.swift; sourceTree = "<group>"; };
		49CE04A42334FEA800B8E3F8 /* NewItemViewController.swift */ = {isa = PBXFileReference; lastKnownFileType = sourcecode.swift; path = NewItemViewController.swift; sourceTree = "<group>"; };
		49CE04A52334FEA800B8E3F8 /* NewItemViewController.xib */ = {isa = PBXFileReference; lastKnownFileType = file.xib; path = NewItemViewController.xib; sourceTree = "<group>"; };
		49CE04A82335288E00B8E3F8 /* AddAnItemDelegate.swift */ = {isa = PBXFileReference; lastKnownFileType = sourcecode.swift; path = AddAnItemDelegate.swift; sourceTree = "<group>"; };
		49E4185023215D4F00F1562F /* MealsTableViewController.swift */ = {isa = PBXFileReference; lastKnownFileType = sourcecode.swift; path = MealsTableViewController.swift; sourceTree = "<group>"; };
		49E42FF022C3EE3D006A555F /* eggplant-brownie.app */ = {isa = PBXFileReference; explicitFileType = wrapper.application; includeInIndex = 0; path = "eggplant-brownie.app"; sourceTree = BUILT_PRODUCTS_DIR; };
		49E42FF322C3EE3D006A555F /* AppDelegate.swift */ = {isa = PBXFileReference; lastKnownFileType = sourcecode.swift; path = AppDelegate.swift; sourceTree = "<group>"; };
		49E42FF522C3EE3D006A555F /* ViewController.swift */ = {isa = PBXFileReference; lastKnownFileType = sourcecode.swift; path = ViewController.swift; sourceTree = "<group>"; };
		49E42FF822C3EE3D006A555F /* Base */ = {isa = PBXFileReference; lastKnownFileType = file.storyboard; name = Base; path = Base.lproj/Main.storyboard; sourceTree = "<group>"; };
		49E42FFA22C3EE3E006A555F /* Assets.xcassets */ = {isa = PBXFileReference; lastKnownFileType = folder.assetcatalog; path = Assets.xcassets; sourceTree = "<group>"; };
		49E42FFD22C3EE3E006A555F /* Base */ = {isa = PBXFileReference; lastKnownFileType = file.storyboard; name = Base; path = Base.lproj/LaunchScreen.storyboard; sourceTree = "<group>"; };
		49E42FFF22C3EE3E006A555F /* Info.plist */ = {isa = PBXFileReference; lastKnownFileType = text.plist.xml; path = Info.plist; sourceTree = "<group>"; };
		49E4300422C3EE3E006A555F /* eggplant-brownieTests.xctest */ = {isa = PBXFileReference; explicitFileType = wrapper.cfbundle; includeInIndex = 0; path = "eggplant-brownieTests.xctest"; sourceTree = BUILT_PRODUCTS_DIR; };
		49E4300822C3EE3E006A555F /* eggplant_brownieTests.swift */ = {isa = PBXFileReference; lastKnownFileType = sourcecode.swift; path = eggplant_brownieTests.swift; sourceTree = "<group>"; };
		49E4300A22C3EE3E006A555F /* Info.plist */ = {isa = PBXFileReference; lastKnownFileType = text.plist.xml; path = Info.plist; sourceTree = "<group>"; };
		49E4300F22C3EE3E006A555F /* eggplant-brownieUITests.xctest */ = {isa = PBXFileReference; explicitFileType = wrapper.cfbundle; includeInIndex = 0; path = "eggplant-brownieUITests.xctest"; sourceTree = BUILT_PRODUCTS_DIR; };
		49E4301322C3EE3E006A555F /* eggplant_brownieUITests.swift */ = {isa = PBXFileReference; lastKnownFileType = sourcecode.swift; path = eggplant_brownieUITests.swift; sourceTree = "<group>"; };
		49E4301522C3EE3E006A555F /* Info.plist */ = {isa = PBXFileReference; lastKnownFileType = text.plist.xml; path = Info.plist; sourceTree = "<group>"; };
/* End PBXFileReference section */

/* Begin PBXFrameworksBuildPhase section */
		49E42FED22C3EE3C006A555F /* Frameworks */ = {
			isa = PBXFrameworksBuildPhase;
			buildActionMask = 2147483647;
			files = (
			);
			runOnlyForDeploymentPostprocessing = 0;
		};
		49E4300122C3EE3E006A555F /* Frameworks */ = {
			isa = PBXFrameworksBuildPhase;
			buildActionMask = 2147483647;
			files = (
			);
			runOnlyForDeploymentPostprocessing = 0;
		};
		49E4300C22C3EE3E006A555F /* Frameworks */ = {
			isa = PBXFrameworksBuildPhase;
			buildActionMask = 2147483647;
			files = (
			);
			runOnlyForDeploymentPostprocessing = 0;
		};
/* End PBXFrameworksBuildPhase section */

/* Begin PBXGroup section */
		497E80642318775E009DBAC5 /* models */ = {
			isa = PBXGroup;
			children = (
				497E80672318787D009DBAC5 /* Meal.swift */,
				497E806923187CD0009DBAC5 /* Item.swift */,
			);
			path = models;
			sourceTree = "<group>";
		};
		497E8065231877DA009DBAC5 /* views */ = {
			isa = PBXGroup;
			children = (
				49CE04A52334FEA800B8E3F8 /* NewItemViewController.xib */,
				49E42FF722C3EE3D006A555F /* Main.storyboard */,
				498D40FD233FD1A3004DE9D2 /* Alert.swift */,
			);
			path = views;
			sourceTree = "<group>";
		};
		497E8066231877EE009DBAC5 /* viewcontrollers */ = {
			isa = PBXGroup;
			children = (
				49E42FF522C3EE3D006A555F /* ViewController.swift */,
				49E4185023215D4F00F1562F /* MealsTableViewController.swift */,
				497B0DD523274D76008BD44B /* AddAMealDelegate.swift */,
				49CE04A42334FEA800B8E3F8 /* NewItemViewController.swift */,
				49CE04A82335288E00B8E3F8 /* AddAnItemDelegate.swift */,
			);
			path = viewcontrollers;
			sourceTree = "<group>";
		};
		49E42FE722C3EE3C006A555F = {
			isa = PBXGroup;
			children = (
				49E42FF222C3EE3D006A555F /* eggplant-brownie */,
				49E4300722C3EE3E006A555F /* eggplant-brownieTests */,
				49E4301222C3EE3E006A555F /* eggplant-brownieUITests */,
				49E42FF122C3EE3D006A555F /* Products */,
			);
			sourceTree = "<group>";
		};
		49E42FF122C3EE3D006A555F /* Products */ = {
			isa = PBXGroup;
			children = (
				49E42FF022C3EE3D006A555F /* eggplant-brownie.app */,
				49E4300422C3EE3E006A555F /* eggplant-brownieTests.xctest */,
				49E4300F22C3EE3E006A555F /* eggplant-brownieUITests.xctest */,
			);
			name = Products;
			sourceTree = "<group>";
		};
		49E42FF222C3EE3D006A555F /* eggplant-brownie */ = {
			isa = PBXGroup;
			children = (
				497E8066231877EE009DBAC5 /* viewcontrollers */,
				497E8065231877DA009DBAC5 /* views */,
				497E80642318775E009DBAC5 /* models */,
				49E42FF322C3EE3D006A555F /* AppDelegate.swift */,
				49E42FFA22C3EE3E006A555F /* Assets.xcassets */,
				49E42FFC22C3EE3E006A555F /* LaunchScreen.storyboard */,
				49E42FFF22C3EE3E006A555F /* Info.plist */,
			);
			path = "eggplant-brownie";
			sourceTree = "<group>";
		};
		49E4300722C3EE3E006A555F /* eggplant-brownieTests */ = {
			isa = PBXGroup;
			children = (
				49E4300822C3EE3E006A555F /* eggplant_brownieTests.swift */,
				49E4300A22C3EE3E006A555F /* Info.plist */,
			);
			path = "eggplant-brownieTests";
			sourceTree = "<group>";
		};
		49E4301222C3EE3E006A555F /* eggplant-brownieUITests */ = {
			isa = PBXGroup;
			children = (
				49E4301322C3EE3E006A555F /* eggplant_brownieUITests.swift */,
				49E4301522C3EE3E006A555F /* Info.plist */,
			);
			path = "eggplant-brownieUITests";
			sourceTree = "<group>";
		};
/* End PBXGroup section */

/* Begin PBXNativeTarget section */
		49E42FEF22C3EE3C006A555F /* eggplant-brownie */ = {
			isa = PBXNativeTarget;
			buildConfigurationList = 49E4301822C3EE3E006A555F /* Build configuration list for PBXNativeTarget "eggplant-brownie" */;
			buildPhases = (
				49E42FEC22C3EE3C006A555F /* Sources */,
				49E42FED22C3EE3C006A555F /* Frameworks */,
				49E42FEE22C3EE3C006A555F /* Resources */,
			);
			buildRules = (
			);
			dependencies = (
			);
			name = "eggplant-brownie";
			productName = "eggplant-brownie";
			productReference = 49E42FF022C3EE3D006A555F /* eggplant-brownie.app */;
			productType = "com.apple.product-type.application";
		};
		49E4300322C3EE3E006A555F /* eggplant-brownieTests */ = {
			isa = PBXNativeTarget;
			buildConfigurationList = 49E4301B22C3EE3E006A555F /* Build configuration list for PBXNativeTarget "eggplant-brownieTests" */;
			buildPhases = (
				49E4300022C3EE3E006A555F /* Sources */,
				49E4300122C3EE3E006A555F /* Frameworks */,
				49E4300222C3EE3E006A555F /* Resources */,
			);
			buildRules = (
			);
			dependencies = (
				49E4300622C3EE3E006A555F /* PBXTargetDependency */,
			);
			name = "eggplant-brownieTests";
			productName = "eggplant-brownieTests";
			productReference = 49E4300422C3EE3E006A555F /* eggplant-brownieTests.xctest */;
			productType = "com.apple.product-type.bundle.unit-test";
		};
		49E4300E22C3EE3E006A555F /* eggplant-brownieUITests */ = {
			isa = PBXNativeTarget;
			buildConfigurationList = 49E4301E22C3EE3E006A555F /* Build configuration list for PBXNativeTarget "eggplant-brownieUITests" */;
			buildPhases = (
				49E4300B22C3EE3E006A555F /* Sources */,
				49E4300C22C3EE3E006A555F /* Frameworks */,
				49E4300D22C3EE3E006A555F /* Resources */,
			);
			buildRules = (
			);
			dependencies = (
				49E4301122C3EE3E006A555F /* PBXTargetDependency */,
			);
			name = "eggplant-brownieUITests";
			productName = "eggplant-brownieUITests";
			productReference = 49E4300F22C3EE3E006A555F /* eggplant-brownieUITests.xctest */;
			productType = "com.apple.product-type.bundle.ui-testing";
		};
/* End PBXNativeTarget section */

/* Begin PBXProject section */
		49E42FE822C3EE3C006A555F /* Project object */ = {
			isa = PBXProject;
			attributes = {
				LastSwiftUpdateCheck = 1020;
				LastUpgradeCheck = 1020;
				ORGANIZATIONNAME = "Júlio César Mussi";
				TargetAttributes = {
					49E42FEF22C3EE3C006A555F = {
						CreatedOnToolsVersion = 10.2.1;
					};
					49E4300322C3EE3E006A555F = {
						CreatedOnToolsVersion = 10.2.1;
						TestTargetID = 49E42FEF22C3EE3C006A555F;
					};
					49E4300E22C3EE3E006A555F = {
						CreatedOnToolsVersion = 10.2.1;
						TestTargetID = 49E42FEF22C3EE3C006A555F;
					};
				};
			};
			buildConfigurationList = 49E42FEB22C3EE3C006A555F /* Build configuration list for PBXProject "eggplant-brownie" */;
			compatibilityVersion = "Xcode 9.3";
			developmentRegion = en;
			hasScannedForEncodings = 0;
			knownRegions = (
				en,
				Base,
			);
			mainGroup = 49E42FE722C3EE3C006A555F;
			productRefGroup = 49E42FF122C3EE3D006A555F /* Products */;
			projectDirPath = "";
			projectRoot = "";
			targets = (
				49E42FEF22C3EE3C006A555F /* eggplant-brownie */,
				49E4300322C3EE3E006A555F /* eggplant-brownieTests */,
				49E4300E22C3EE3E006A555F /* eggplant-brownieUITests */,
			);
		};
/* End PBXProject section */

/* Begin PBXResourcesBuildPhase section */
		49E42FEE22C3EE3C006A555F /* Resources */ = {
			isa = PBXResourcesBuildPhase;
			buildActionMask = 2147483647;
			files = (
				49E42FFE22C3EE3E006A555F /* LaunchScreen.storyboard in Resources */,
				49E42FFB22C3EE3E006A555F /* Assets.xcassets in Resources */,
				49CE04A72334FEA800B8E3F8 /* NewItemViewController.xib in Resources */,
				49E42FF922C3EE3D006A555F /* Main.storyboard in Resources */,
			);
			runOnlyForDeploymentPostprocessing = 0;
		};
		49E4300222C3EE3E006A555F /* Resources */ = {
			isa = PBXResourcesBuildPhase;
			buildActionMask = 2147483647;
			files = (
			);
			runOnlyForDeploymentPostprocessing = 0;
		};
		49E4300D22C3EE3E006A555F /* Resources */ = {
			isa = PBXResourcesBuildPhase;
			buildActionMask = 2147483647;
			files = (
			);
			runOnlyForDeploymentPostprocessing = 0;
		};
/* End PBXResourcesBuildPhase section */

/* Begin PBXSourcesBuildPhase section */
		49E42FEC22C3EE3C006A555F /* Sources */ = {
			isa = PBXSourcesBuildPhase;
			buildActionMask = 2147483647;
			files = (
				498D40FE233FD1A3004DE9D2 /* Alert.swift in Sources */,
				49E4185123215D4F00F1562F /* MealsTableViewController.swift in Sources */,
				497E806A23187CD0009DBAC5 /* Item.swift in Sources */,
				49E42FF622C3EE3D006A555F /* ViewController.swift in Sources */,
				497B0DD623274D76008BD44B /* AddAMealDelegate.swift in Sources */,
				49CE04A92335288E00B8E3F8 /* AddAnItemDelegate.swift in Sources */,
				497E80682318787D009DBAC5 /* Meal.swift in Sources */,
				49E42FF422C3EE3D006A555F /* AppDelegate.swift in Sources */,
				49CE04A62334FEA800B8E3F8 /* NewItemViewController.swift in Sources */,
			);
			runOnlyForDeploymentPostprocessing = 0;
		};
		49E4300022C3EE3E006A555F /* Sources */ = {
			isa = PBXSourcesBuildPhase;
			buildActionMask = 2147483647;
			files = (
				49E4300922C3EE3E006A555F /* eggplant_brownieTests.swift in Sources */,
			);
			runOnlyForDeploymentPostprocessing = 0;
		};
		49E4300B22C3EE3E006A555F /* Sources */ = {
			isa = PBXSourcesBuildPhase;
			buildActionMask = 2147483647;
			files = (
				49E4301422C3EE3E006A555F /* eggplant_brownieUITests.swift in Sources */,
			);
			runOnlyForDeploymentPostprocessing = 0;
		};
/* End PBXSourcesBuildPhase section */

/* Begin PBXTargetDependency section */
		49E4300622C3EE3E006A555F /* PBXTargetDependency */ = {
			isa = PBXTargetDependency;
			target = 49E42FEF22C3EE3C006A555F /* eggplant-brownie */;
			targetProxy = 49E4300522C3EE3E006A555F /* PBXContainerItemProxy */;
		};
		49E4301122C3EE3E006A555F /* PBXTargetDependency */ = {
			isa = PBXTargetDependency;
			target = 49E42FEF22C3EE3C006A555F /* eggplant-brownie */;
			targetProxy = 49E4301022C3EE3E006A555F /* PBXContainerItemProxy */;
		};
/* End PBXTargetDependency section */

/* Begin PBXVariantGroup section */
		49E42FF722C3EE3D006A555F /* Main.storyboard */ = {
			isa = PBXVariantGroup;
			children = (
				49E42FF822C3EE3D006A555F /* Base */,
			);
			name = Main.storyboard;
			sourceTree = "<group>";
		};
		49E42FFC22C3EE3E006A555F /* LaunchScreen.storyboard */ = {
			isa = PBXVariantGroup;
			children = (
				49E42FFD22C3EE3E006A555F /* Base */,
			);
			name = LaunchScreen.storyboard;
			sourceTree = "<group>";
		};
/* End PBXVariantGroup section */

/* Begin XCBuildConfiguration section */
		49E4301622C3EE3E006A555F /* Debug */ = {
			isa = XCBuildConfiguration;
			buildSettings = {
				ALWAYS_SEARCH_USER_PATHS = NO;
				CLANG_ANALYZER_NONNULL = YES;
				CLANG_ANALYZER_NUMBER_OBJECT_CONVERSION = YES_AGGRESSIVE;
				CLANG_CXX_LANGUAGE_STANDARD = "gnu++14";
				CLANG_CXX_LIBRARY = "libc++";
				CLANG_ENABLE_MODULES = YES;
				CLANG_ENABLE_OBJC_ARC = YES;
				CLANG_ENABLE_OBJC_WEAK = YES;
				CLANG_WARN_BLOCK_CAPTURE_AUTORELEASING = YES;
				CLANG_WARN_BOOL_CONVERSION = YES;
				CLANG_WARN_COMMA = YES;
				CLANG_WARN_CONSTANT_CONVERSION = YES;
				CLANG_WARN_DEPRECATED_OBJC_IMPLEMENTATIONS = YES;
				CLANG_WARN_DIRECT_OBJC_ISA_USAGE = YES_ERROR;
				CLANG_WARN_DOCUMENTATION_COMMENTS = YES;
				CLANG_WARN_EMPTY_BODY = YES;
				CLANG_WARN_ENUM_CONVERSION = YES;
				CLANG_WARN_INFINITE_RECURSION = YES;
				CLANG_WARN_INT_CONVERSION = YES;
				CLANG_WARN_NON_LITERAL_NULL_CONVERSION = YES;
				CLANG_WARN_OBJC_IMPLICIT_RETAIN_SELF = YES;
				CLANG_WARN_OBJC_LITERAL_CONVERSION = YES;
				CLANG_WARN_OBJC_ROOT_CLASS = YES_ERROR;
				CLANG_WARN_RANGE_LOOP_ANALYSIS = YES;
				CLANG_WARN_STRICT_PROTOTYPES = YES;
				CLANG_WARN_SUSPICIOUS_MOVE = YES;
				CLANG_WARN_UNGUARDED_AVAILABILITY = YES_AGGRESSIVE;
				CLANG_WARN_UNREACHABLE_CODE = YES;
				CLANG_WARN__DUPLICATE_METHOD_MATCH = YES;
				CODE_SIGN_IDENTITY = "iPhone Developer";
				COPY_PHASE_STRIP = NO;
				DEBUG_INFORMATION_FORMAT = dwarf;
				ENABLE_STRICT_OBJC_MSGSEND = YES;
				ENABLE_TESTABILITY = YES;
				GCC_C_LANGUAGE_STANDARD = gnu11;
				GCC_DYNAMIC_NO_PIC = NO;
				GCC_NO_COMMON_BLOCKS = YES;
				GCC_OPTIMIZATION_LEVEL = 0;
				GCC_PREPROCESSOR_DEFINITIONS = (
					"DEBUG=1",
					"$(inherited)",
				);
				GCC_WARN_64_TO_32_BIT_CONVERSION = YES;
				GCC_WARN_ABOUT_RETURN_TYPE = YES_ERROR;
				GCC_WARN_UNDECLARED_SELECTOR = YES;
				GCC_WARN_UNINITIALIZED_AUTOS = YES_AGGRESSIVE;
				GCC_WARN_UNUSED_FUNCTION = YES;
				GCC_WARN_UNUSED_VARIABLE = YES;
				IPHONEOS_DEPLOYMENT_TARGET = 12.2;
				MTL_ENABLE_DEBUG_INFO = INCLUDE_SOURCE;
				MTL_FAST_MATH = YES;
				ONLY_ACTIVE_ARCH = YES;
				SDKROOT = iphoneos;
				SWIFT_ACTIVE_COMPILATION_CONDITIONS = DEBUG;
				SWIFT_OPTIMIZATION_LEVEL = "-Onone";
			};
			name = Debug;
		};
		49E4301722C3EE3E006A555F /* Release */ = {
			isa = XCBuildConfiguration;
			buildSettings = {
				ALWAYS_SEARCH_USER_PATHS = NO;
				CLANG_ANALYZER_NONNULL = YES;
				CLANG_ANALYZER_NUMBER_OBJECT_CONVERSION = YES_AGGRESSIVE;
				CLANG_CXX_LANGUAGE_STANDARD = "gnu++14";
				CLANG_CXX_LIBRARY = "libc++";
				CLANG_ENABLE_MODULES = YES;
				CLANG_ENABLE_OBJC_ARC = YES;
				CLANG_ENABLE_OBJC_WEAK = YES;
				CLANG_WARN_BLOCK_CAPTURE_AUTORELEASING = YES;
				CLANG_WARN_BOOL_CONVERSION = YES;
				CLANG_WARN_COMMA = YES;
				CLANG_WARN_CONSTANT_CONVERSION = YES;
				CLANG_WARN_DEPRECATED_OBJC_IMPLEMENTATIONS = YES;
				CLANG_WARN_DIRECT_OBJC_ISA_USAGE = YES_ERROR;
				CLANG_WARN_DOCUMENTATION_COMMENTS = YES;
				CLANG_WARN_EMPTY_BODY = YES;
				CLANG_WARN_ENUM_CONVERSION = YES;
				CLANG_WARN_INFINITE_RECURSION = YES;
				CLANG_WARN_INT_CONVERSION = YES;
				CLANG_WARN_NON_LITERAL_NULL_CONVERSION = YES;
				CLANG_WARN_OBJC_IMPLICIT_RETAIN_SELF = YES;
				CLANG_WARN_OBJC_LITERAL_CONVERSION = YES;
				CLANG_WARN_OBJC_ROOT_CLASS = YES_ERROR;
				CLANG_WARN_RANGE_LOOP_ANALYSIS = YES;
				CLANG_WARN_STRICT_PROTOTYPES = YES;
				CLANG_WARN_SUSPICIOUS_MOVE = YES;
				CLANG_WARN_UNGUARDED_AVAILABILITY = YES_AGGRESSIVE;
				CLANG_WARN_UNREACHABLE_CODE = YES;
				CLANG_WARN__DUPLICATE_METHOD_MATCH = YES;
				CODE_SIGN_IDENTITY = "iPhone Developer";
				COPY_PHASE_STRIP = NO;
				DEBUG_INFORMATION_FORMAT = "dwarf-with-dsym";
				ENABLE_NS_ASSERTIONS = NO;
				ENABLE_STRICT_OBJC_MSGSEND = YES;
				GCC_C_LANGUAGE_STANDARD = gnu11;
				GCC_NO_COMMON_BLOCKS = YES;
				GCC_WARN_64_TO_32_BIT_CONVERSION = YES;
				GCC_WARN_ABOUT_RETURN_TYPE = YES_ERROR;
				GCC_WARN_UNDECLARED_SELECTOR = YES;
				GCC_WARN_UNINITIALIZED_AUTOS = YES_AGGRESSIVE;
				GCC_WARN_UNUSED_FUNCTION = YES;
				GCC_WARN_UNUSED_VARIABLE = YES;
				IPHONEOS_DEPLOYMENT_TARGET = 12.2;
				MTL_ENABLE_DEBUG_INFO = NO;
				MTL_FAST_MATH = YES;
				SDKROOT = iphoneos;
				SWIFT_COMPILATION_MODE = wholemodule;
				SWIFT_OPTIMIZATION_LEVEL = "-O";
				VALIDATE_PRODUCT = YES;
			};
			name = Release;
		};
		49E4301922C3EE3E006A555F /* Debug */ = {
			isa = XCBuildConfiguration;
			buildSettings = {
				ASSETCATALOG_COMPILER_APPICON_NAME = AppIcon;
				CODE_SIGN_STYLE = Automatic;
				DEVELOPMENT_TEAM = 5XCUC4335G;
				INFOPLIST_FILE = "eggplant-brownie/Info.plist";
				LD_RUNPATH_SEARCH_PATHS = (
					"$(inherited)",
					"@executable_path/Frameworks",
				);
				PRODUCT_BUNDLE_IDENTIFIER = "Panjay.eggplant-brownie";
				PRODUCT_NAME = "$(TARGET_NAME)";
				SWIFT_VERSION = 5.0;
				TARGETED_DEVICE_FAMILY = "1,2";
			};
			name = Debug;
		};
		49E4301A22C3EE3E006A555F /* Release */ = {
			isa = XCBuildConfiguration;
			buildSettings = {
				ASSETCATALOG_COMPILER_APPICON_NAME = AppIcon;
				CODE_SIGN_STYLE = Automatic;
				DEVELOPMENT_TEAM = 5XCUC4335G;
				INFOPLIST_FILE = "eggplant-brownie/Info.plist";
				LD_RUNPATH_SEARCH_PATHS = (
					"$(inherited)",
					"@executable_path/Frameworks",
				);
				PRODUCT_BUNDLE_IDENTIFIER = "Panjay.eggplant-brownie";
				PRODUCT_NAME = "$(TARGET_NAME)";
				SWIFT_VERSION = 5.0;
				TARGETED_DEVICE_FAMILY = "1,2";
			};
			name = Release;
		};
		49E4301C22C3EE3E006A555F /* Debug */ = {
			isa = XCBuildConfiguration;
			buildSettings = {
				ALWAYS_EMBED_SWIFT_STANDARD_LIBRARIES = YES;
				BUNDLE_LOADER = "$(TEST_HOST)";
				CODE_SIGN_STYLE = Automatic;
				DEVELOPMENT_TEAM = 5XCUC4335G;
				INFOPLIST_FILE = "eggplant-brownieTests/Info.plist";
				LD_RUNPATH_SEARCH_PATHS = (
					"$(inherited)",
					"@executable_path/Frameworks",
					"@loader_path/Frameworks",
				);
				PRODUCT_BUNDLE_IDENTIFIER = "Panjay.eggplant-brownieTests";
				PRODUCT_NAME = "$(TARGET_NAME)";
				SWIFT_VERSION = 5.0;
				TARGETED_DEVICE_FAMILY = "1,2";
				TEST_HOST = "$(BUILT_PRODUCTS_DIR)/eggplant-brownie.app/eggplant-brownie";
			};
			name = Debug;
		};
		49E4301D22C3EE3E006A555F /* Release */ = {
			isa = XCBuildConfiguration;
			buildSettings = {
				ALWAYS_EMBED_SWIFT_STANDARD_LIBRARIES = YES;
				BUNDLE_LOADER = "$(TEST_HOST)";
				CODE_SIGN_STYLE = Automatic;
				DEVELOPMENT_TEAM = 5XCUC4335G;
				INFOPLIST_FILE = "eggplant-brownieTests/Info.plist";
				LD_RUNPATH_SEARCH_PATHS = (
					"$(inherited)",
					"@executable_path/Frameworks",
					"@loader_path/Frameworks",
				);
				PRODUCT_BUNDLE_IDENTIFIER = "Panjay.eggplant-brownieTests";
				PRODUCT_NAME = "$(TARGET_NAME)";
				SWIFT_VERSION = 5.0;
				TARGETED_DEVICE_FAMILY = "1,2";
				TEST_HOST = "$(BUILT_PRODUCTS_DIR)/eggplant-brownie.app/eggplant-brownie";
			};
			name = Release;
		};
		49E4301F22C3EE3E006A555F /* Debug */ = {
			isa = XCBuildConfiguration;
			buildSettings = {
				ALWAYS_EMBED_SWIFT_STANDARD_LIBRARIES = YES;
				CODE_SIGN_STYLE = Automatic;
				DEVELOPMENT_TEAM = 5XCUC4335G;
				INFOPLIST_FILE = "eggplant-brownieUITests/Info.plist";
				LD_RUNPATH_SEARCH_PATHS = (
					"$(inherited)",
					"@executable_path/Frameworks",
					"@loader_path/Frameworks",
				);
				PRODUCT_BUNDLE_IDENTIFIER = "Panjay.eggplant-brownieUITests";
				PRODUCT_NAME = "$(TARGET_NAME)";
				SWIFT_VERSION = 5.0;
				TARGETED_DEVICE_FAMILY = "1,2";
				TEST_TARGET_NAME = "eggplant-brownie";
			};
			name = Debug;
		};
		49E4302022C3EE3E006A555F /* Release */ = {
			isa = XCBuildConfiguration;
			buildSettings = {
				ALWAYS_EMBED_SWIFT_STANDARD_LIBRARIES = YES;
				CODE_SIGN_STYLE = Automatic;
				DEVELOPMENT_TEAM = 5XCUC4335G;
				INFOPLIST_FILE = "eggplant-brownieUITests/Info.plist";
				LD_RUNPATH_SEARCH_PATHS = (
					"$(inherited)",
					"@executable_path/Frameworks",
					"@loader_path/Frameworks",
				);
				PRODUCT_BUNDLE_IDENTIFIER = "Panjay.eggplant-brownieUITests";
				PRODUCT_NAME = "$(TARGET_NAME)";
				SWIFT_VERSION = 5.0;
				TARGETED_DEVICE_FAMILY = "1,2";
				TEST_TARGET_NAME = "eggplant-brownie";
			};
			name = Release;
		};
/* End XCBuildConfiguration section */

/* Begin XCConfigurationList section */
		49E42FEB22C3EE3C006A555F /* Build configuration list for PBXProject "eggplant-brownie" */ = {
			isa = XCConfigurationList;
			buildConfigurations = (
				49E4301622C3EE3E006A555F /* Debug */,
				49E4301722C3EE3E006A555F /* Release */,
			);
			defaultConfigurationIsVisible = 0;
			defaultConfigurationName = Release;
		};
		49E4301822C3EE3E006A555F /* Build configuration list for PBXNativeTarget "eggplant-brownie" */ = {
			isa = XCConfigurationList;
			buildConfigurations = (
				49E4301922C3EE3E006A555F /* Debug */,
				49E4301A22C3EE3E006A555F /* Release */,
			);
			defaultConfigurationIsVisible = 0;
			defaultConfigurationName = Release;
		};
		49E4301B22C3EE3E006A555F /* Build configuration list for PBXNativeTarget "eggplant-brownieTests" */ = {
			isa = XCConfigurationList;
			buildConfigurations = (
				49E4301C22C3EE3E006A555F /* Debug */,
				49E4301D22C3EE3E006A555F /* Release */,
			);
			defaultConfigurationIsVisible = 0;
			defaultConfigurationName = Release;
		};
		49E4301E22C3EE3E006A555F /* Build configuration list for PBXNativeTarget "eggplant-brownieUITests" */ = {
			isa = XCConfigurationList;
			buildConfigurations = (
				49E4301F22C3EE3E006A555F /* Debug */,
				49E4302022C3EE3E006A555F /* Release */,
			);
			defaultConfigurationIsVisible = 0;
			defaultConfigurationName = Release;
		};
/* End XCConfigurationList section */
	};
	rootObject = 49E42FE822C3EE3C006A555F /* Project object */;
}
